
Microsoft Visual Studio Solution File, Format Version 12.00
# Visual Studio Version 16
VisualStudioVersion = 16.0.29709.97
MinimumVisualStudioVersion = 10.0.40219.1
Project("{FAE04EC0-301F-11D3-BF4B-00C04F79EFBC}") = "Mihalich-zver", "Mihalich-zver.csproj", "{BC6D2F71-9A50-48CB-8B8E-9792E25A442F}"
EndProject
Global
	GlobalSection(SolutionConfigurationPlatforms) = preSolution
		Debug|Any CPU = Debug|Any CPU
		Release|Any CPU = Release|Any CPU
	EndGlobalSection
	GlobalSection(ProjectConfigurationPlatforms) = postSolution
		{BC6D2F71-9A50-48CB-8B8E-9792E25A442F}.Debug|Any CPU.ActiveCfg = Debug|Any CPU
		{BC6D2F71-9A50-48CB-8B8E-9792E25A442F}.Debug|Any CPU.Build.0 = Debug|Any CPU
		{BC6D2F71-9A50-48CB-8B8E-9792E25A442F}.Release|Any CPU.ActiveCfg = Release|Any CPU
		{BC6D2F71-9A50-48CB-8B8E-9792E25A442F}.Release|Any CPU.Build.0 = Release|Any CPU
	EndGlobalSection
	GlobalSection(SolutionProperties) = preSolution
		HideSolutionNode = FALSE
	EndGlobalSection
	GlobalSection(ExtensibilityGlobals) = postSolution
		SolutionGuid = {19E73336-902E-495C-9855-1BB984FF7751}
	EndGlobalSection
EndGlobal
